
Microsoft Visual Studio Solution File, Format Version 12.00
# Visual Studio Version 17
VisualStudioVersion = 17.4.33403.182
MinimumVisualStudioVersion = 10.0.40219.1
Project("{FAE04EC0-301F-11D3-BF4B-00C04F79EFBC}") = "lathemod", "lathemod\lathemod\lathemod.csproj", "{BD7F1218-615E-4D40-9B90-DD62A3836A6D}"
EndProject
Project("{FAE04EC0-301F-11D3-BF4B-00C04F79EFBC}") = "CakeBuild", "lathemod\ZZCakeBuild\CakeBuild.csproj", "{EDBE394C-59FD-48DF-9DEA-AB5C26330DB1}"
EndProject
Global
	GlobalSection(SolutionConfigurationPlatforms) = preSolution
		Debug|Any CPU = Debug|Any CPU
		Release|Any CPU = Release|Any CPU
	EndGlobalSection
	GlobalSection(ProjectConfigurationPlatforms) = postSolution
		{BD7F1218-615E-4D40-9B90-DD62A3836A6D}.Debug|Any CPU.ActiveCfg = Debug|Any CPU
		{BD7F1218-615E-4D40-9B90-DD62A3836A6D}.Debug|Any CPU.Build.0 = Debug|Any CPU
		{BD7F1218-615E-4D40-9B90-DD62A3836A6D}.Release|Any CPU.ActiveCfg = Release|Any CPU
		{BD7F1218-615E-4D40-9B90-DD62A3836A6D}.Release|Any CPU.Build.0 = Release|Any CPU
		{EDBE394C-59FD-48DF-9DEA-AB5C26330DB1}.Debug|Any CPU.ActiveCfg = Debug|Any CPU
		{EDBE394C-59FD-48DF-9DEA-AB5C26330DB1}.Debug|Any CPU.Build.0 = Debug|Any CPU
		{EDBE394C-59FD-48DF-9DEA-AB5C26330DB1}.Release|Any CPU.ActiveCfg = Release|Any CPU
		{EDBE394C-59FD-48DF-9DEA-AB5C26330DB1}.Release|Any CPU.Build.0 = Release|Any CPU
	EndGlobalSection
	GlobalSection(SolutionProperties) = preSolution
		HideSolutionNode = FALSE
	EndGlobalSection
	GlobalSection(ExtensibilityGlobals) = postSolution
		SolutionGuid = {B80CA06F-BFD6-4926-87A1-20767F46866D}
	EndGlobalSection
EndGlobal
